
Microsoft Visual Studio Solution File, Format Version 12.00
# Visual Studio Version 17
VisualStudioVersion = 17.11.35327.3
MinimumVisualStudioVersion = 10.0.40219.1
Project("{9A19103F-16F7-4668-BE54-9A1E7A4F7556}") = "TestBlazorApp", "TestBlazorApp.csproj", "{1C9FF7F9-BC63-43C8-A748-A422FE6427BE}"
EndProject
Global
	GlobalSection(SolutionConfigurationPlatforms) = preSolution
		Debug|Any CPU = Debug|Any CPU
		Release|Any CPU = Release|Any CPU
	EndGlobalSection
	GlobalSection(ProjectConfigurationPlatforms) = postSolution
		{1C9FF7F9-BC63-43C8-A748-A422FE6427BE}.Debug|Any CPU.ActiveCfg = Debug|Any CPU
		{1C9FF7F9-BC63-43C8-A748-A422FE6427BE}.Debug|Any CPU.Build.0 = Debug|Any CPU
		{1C9FF7F9-BC63-43C8-A748-A422FE6427BE}.Release|Any CPU.ActiveCfg = Release|Any CPU
		{1C9FF7F9-BC63-43C8-A748-A422FE6427BE}.Release|Any CPU.Build.0 = Release|Any CPU
	EndGlobalSection
	GlobalSection(SolutionProperties) = preSolution
		HideSolutionNode = FALSE
	EndGlobalSection
	GlobalSection(ExtensibilityGlobals) = postSolution
		SolutionGuid = {C62BB11D-CDCB-4F81-9DD7-7C50B80477D3}
	EndGlobalSection
EndGlobal
